
Microsoft Visual Studio Solution File, Format Version 12.00
# Visual Studio Version 17
VisualStudioVersion = 17.3.32929.385
MinimumVisualStudioVersion = 10.0.40219.1
Project("{FAE04EC0-301F-11D3-BF4B-00C04F79EFBC}") = "KütüphaneOtomasyon-0", "KütüphaneOtomasyon-0\KütüphaneOtomasyon-0.csproj", "{2C399F90-B9CC-4B21-9B33-1919A544BB6C}"
EndProject
Global
	GlobalSection(SolutionConfigurationPlatforms) = preSolution
		Debug|Any CPU = Debug|Any CPU
		Release|Any CPU = Release|Any CPU
	EndGlobalSection
	GlobalSection(ProjectConfigurationPlatforms) = postSolution
		{2C399F90-B9CC-4B21-9B33-1919A544BB6C}.Debug|Any CPU.ActiveCfg = Debug|Any CPU
		{2C399F90-B9CC-4B21-9B33-1919A544BB6C}.Debug|Any CPU.Build.0 = Debug|Any CPU
		{2C399F90-B9CC-4B21-9B33-1919A544BB6C}.Release|Any CPU.ActiveCfg = Release|Any CPU
		{2C399F90-B9CC-4B21-9B33-1919A544BB6C}.Release|Any CPU.Build.0 = Release|Any CPU
	EndGlobalSection
	GlobalSection(SolutionProperties) = preSolution
		HideSolutionNode = FALSE
	EndGlobalSection
	GlobalSection(ExtensibilityGlobals) = postSolution
		SolutionGuid = {8A04FEC2-03B4-4E7A-B8E2-674B6D92C41F}
	EndGlobalSection
EndGlobal
